// !$*UTF8*$!
{
	archiveVersion = 1;
	classes = {
	};
	objectVersion = 46;
	objects = {

/* Begin PBXBuildFile section */
		AD0E12801ED7FEF8000A3C1D /* main.m in Sources */ = {isa = PBXBuildFile; fileRef = AD0E127F1ED7FEF8000A3C1D /* main.m */; };
		AD0E12831ED7FEF9000A3C1D /* AppDelegate.m in Sources */ = {isa = PBXBuildFile; fileRef = AD0E12821ED7FEF9000A3C1D /* AppDelegate.m */; };
		AD0E12861ED7FEF9000A3C1D /* ViewController.m in Sources */ = {isa = PBXBuildFile; fileRef = AD0E12851ED7FEF9000A3C1D /* ViewController.m */; };
		AD0E12891ED7FEF9000A3C1D /* Main.storyboard in Resources */ = {isa = PBXBuildFile; fileRef = AD0E12871ED7FEF9000A3C1D /* Main.storyboard */; };
		AD0E128B1ED7FEF9000A3C1D /* Assets.xcassets in Resources */ = {isa = PBXBuildFile; fileRef = AD0E128A1ED7FEF9000A3C1D /* Assets.xcassets */; };
		AD0E128E1ED7FEF9000A3C1D /* LaunchScreen.storyboard in Resources */ = {isa = PBXBuildFile; fileRef = AD0E128C1ED7FEF9000A3C1D /* LaunchScreen.storyboard */; };
		AD7BF27D1FEBBA630078AF8A /* ZXPUnicode.m in Sources */ = {isa = PBXBuildFile; fileRef = AD7BF27C1FEBBA630078AF8A /* ZXPUnicode.m */; };
		AD8F676A1FEA576A009DBCBA /* BATFibonacciResultViewController.m in Sources */ = {isa = PBXBuildFile; fileRef = AD8F674A1FEA576A009DBCBA /* BATFibonacciResultViewController.m */; };
		AD8F676B1FEA576A009DBCBA /* HelpViewController.m in Sources */ = {isa = PBXBuildFile; fileRef = AD8F674C1FEA576A009DBCBA /* HelpViewController.m */; };
		AD8F676C1FEA576A009DBCBA /* KMUIViewController.m in Sources */ = {isa = PBXBuildFile; fileRef = AD8F674E1FEA576A009DBCBA /* KMUIViewController.m */; };
		AD8F676D1FEA576A009DBCBA /* MedicallyExaminedViewController.m in Sources */ = {isa = PBXBuildFile; fileRef = AD8F67501FEA576A009DBCBA /* MedicallyExaminedViewController.m */; };
		AD8F676E1FEA576A009DBCBA /* BATOTCDrugModel.m in Sources */ = {isa = PBXBuildFile; fileRef = AD8F67531FEA576A009DBCBA /* BATOTCDrugModel.m */; };
		AD8F676F1FEA576A009DBCBA /* BATWebContentModel.m in Sources */ = {isa = PBXBuildFile; fileRef = AD8F67551FEA576A009DBCBA /* BATWebContentModel.m */; };
		AD8F67701FEA576A009DBCBA /* CoreCameraDetection.m in Sources */ = {isa = PBXBuildFile; fileRef = AD8F67571FEA576A009DBCBA /* CoreCameraDetection.m */; };
		AD8F67711FEA576A009DBCBA /* KMTools.m in Sources */ = {isa = PBXBuildFile; fileRef = AD8F67591FEA576A009DBCBA /* KMTools.m */; };
		AD8F67721FEA576A009DBCBA /* OTCLoginModel.m in Sources */ = {isa = PBXBuildFile; fileRef = AD8F675B1FEA576A009DBCBA /* OTCLoginModel.m */; };
		AD8F67731FEA576A009DBCBA /* BATOTCDrugCellTableViewCell.m in Sources */ = {isa = PBXBuildFile; fileRef = AD8F675E1FEA576A009DBCBA /* BATOTCDrugCellTableViewCell.m */; };
		AD8F67741FEA576A009DBCBA /* BATOTCDrugCellTableViewCell.xib in Resources */ = {isa = PBXBuildFile; fileRef = AD8F675F1FEA576A009DBCBA /* BATOTCDrugCellTableViewCell.xib */; };
		AD8F67751FEA576A009DBCBA /* BATResultCell.m in Sources */ = {isa = PBXBuildFile; fileRef = AD8F67611FEA576A009DBCBA /* BATResultCell.m */; };
		AD8F67761FEA576A009DBCBA /* BATResultCell.xib in Resources */ = {isa = PBXBuildFile; fileRef = AD8F67621FEA576A009DBCBA /* BATResultCell.xib */; };
		AD8F67771FEA576A009DBCBA /* BATShoppingTrolleyView.m in Sources */ = {isa = PBXBuildFile; fileRef = AD8F67641FEA576A009DBCBA /* BATShoppingTrolleyView.m */; };
		AD8F67781FEA576A009DBCBA /* BATShoppingTrolleyView.xib in Resources */ = {isa = PBXBuildFile; fileRef = AD8F67651FEA576A009DBCBA /* BATShoppingTrolleyView.xib */; };
		AD8F67791FEA576A009DBCBA /* HeartBackgroundView.m in Sources */ = {isa = PBXBuildFile; fileRef = AD8F67671FEA576A009DBCBA /* HeartBackgroundView.m */; };
		AD8F677A1FEA576A009DBCBA /* HeartLive.m in Sources */ = {isa = PBXBuildFile; fileRef = AD8F67691FEA576A009DBCBA /* HeartLive.m */; };
		AD8F67801FEA5AB3009DBCBA /* BATCustomButton.m in Sources */ = {isa = PBXBuildFile; fileRef = AD8F677D1FEA5AB3009DBCBA /* BATCustomButton.m */; };
		AD8F67811FEA5AB3009DBCBA /* BATGraditorButton.m in Sources */ = {isa = PBXBuildFile; fileRef = AD8F677F1FEA5AB3009DBCBA /* BATGraditorButton.m */; };
/* End PBXBuildFile section */

/* Begin PBXFileReference section */
		AD0E127B1ED7FEF8000A3C1D /* TestApp.app */ = {isa = PBXFileReference; explicitFileType = wrapper.application; includeInIndex = 0; path = TestApp.app; sourceTree = BUILT_PRODUCTS_DIR; };
		AD0E127F1ED7FEF8000A3C1D /* main.m */ = {isa = PBXFileReference; lastKnownFileType = sourcecode.c.objc; path = main.m; sourceTree = "<group>"; };
		AD0E12811ED7FEF9000A3C1D /* AppDelegate.h */ = {isa = PBXFileReference; lastKnownFileType = sourcecode.c.h; path = AppDelegate.h; sourceTree = "<group>"; };
		AD0E12821ED7FEF9000A3C1D /* AppDelegate.m */ = {isa = PBXFileReference; lastKnownFileType = sourcecode.c.objc; path = AppDelegate.m; sourceTree = "<group>"; };
		AD0E12841ED7FEF9000A3C1D /* ViewController.h */ = {isa = PBXFileReference; lastKnownFileType = sourcecode.c.h; path = ViewController.h; sourceTree = "<group>"; };
		AD0E12851ED7FEF9000A3C1D /* ViewController.m */ = {isa = PBXFileReference; lastKnownFileType = sourcecode.c.objc; path = ViewController.m; sourceTree = "<group>"; };
		AD0E12881ED7FEF9000A3C1D /* Base */ = {isa = PBXFileReference; lastKnownFileType = file.storyboard; name = Base; path = Base.lproj/Main.storyboard; sourceTree = "<group>"; };
		AD0E128A1ED7FEF9000A3C1D /* Assets.xcassets */ = {isa = PBXFileReference; lastKnownFileType = folder.assetcatalog; path = Assets.xcassets; sourceTree = "<group>"; };
		AD0E128D1ED7FEF9000A3C1D /* Base */ = {isa = PBXFileReference; lastKnownFileType = file.storyboard; name = Base; path = Base.lproj/LaunchScreen.storyboard; sourceTree = "<group>"; };
		AD0E128F1ED7FEF9000A3C1D /* Info.plist */ = {isa = PBXFileReference; lastKnownFileType = text.plist.xml; path = Info.plist; sourceTree = "<group>"; };
		AD7BF27B1FEBBA630078AF8A /* ZXPUnicode.h */ = {isa = PBXFileReference; fileEncoding = 4; lastKnownFileType = sourcecode.c.h; path = ZXPUnicode.h; sourceTree = "<group>"; };
		AD7BF27C1FEBBA630078AF8A /* ZXPUnicode.m */ = {isa = PBXFileReference; fileEncoding = 4; lastKnownFileType = sourcecode.c.objc; path = ZXPUnicode.m; sourceTree = "<group>"; };
		AD8F67491FEA576A009DBCBA /* BATFibonacciResultViewController.h */ = {isa = PBXFileReference; fileEncoding = 4; lastKnownFileType = sourcecode.c.h; path = BATFibonacciResultViewController.h; sourceTree = "<group>"; };
		AD8F674A1FEA576A009DBCBA /* BATFibonacciResultViewController.m */ = {isa = PBXFileReference; fileEncoding = 4; lastKnownFileType = sourcecode.c.objc; path = BATFibonacciResultViewController.m; sourceTree = "<group>"; };
		AD8F674B1FEA576A009DBCBA /* HelpViewController.h */ = {isa = PBXFileReference; fileEncoding = 4; lastKnownFileType = sourcecode.c.h; path = HelpViewController.h; sourceTree = "<group>"; };
		AD8F674C1FEA576A009DBCBA /* HelpViewController.m */ = {isa = PBXFileReference; fileEncoding = 4; lastKnownFileType = sourcecode.c.objc; path = HelpViewController.m; sourceTree = "<group>"; };
		AD8F674D1FEA576A009DBCBA /* KMUIViewController.h */ = {isa = PBXFileReference; fileEncoding = 4; lastKnownFileType = sourcecode.c.h; path = KMUIViewController.h; sourceTree = "<group>"; };
		AD8F674E1FEA576A009DBCBA /* KMUIViewController.m */ = {isa = PBXFileReference; fileEncoding = 4; lastKnownFileType = sourcecode.c.objc; path = KMUIViewController.m; sourceTree = "<group>"; };
		AD8F674F1FEA576A009DBCBA /* MedicallyExaminedViewController.h */ = {isa = PBXFileReference; fileEncoding = 4; lastKnownFileType = sourcecode.c.h; path = MedicallyExaminedViewController.h; sourceTree = "<group>"; };
		AD8F67501FEA576A009DBCBA /* MedicallyExaminedViewController.m */ = {isa = PBXFileReference; fileEncoding = 4; lastKnownFileType = sourcecode.c.objc; path = MedicallyExaminedViewController.m; sourceTree = "<group>"; };
		AD8F67521FEA576A009DBCBA /* BATOTCDrugModel.h */ = {isa = PBXFileReference; fileEncoding = 4; lastKnownFileType = sourcecode.c.h; path = BATOTCDrugModel.h; sourceTree = "<group>"; };
		AD8F67531FEA576A009DBCBA /* BATOTCDrugModel.m */ = {isa = PBXFileReference; fileEncoding = 4; lastKnownFileType = sourcecode.c.objc; path = BATOTCDrugModel.m; sourceTree = "<group>"; };
		AD8F67541FEA576A009DBCBA /* BATWebContentModel.h */ = {isa = PBXFileReference; fileEncoding = 4; lastKnownFileType = sourcecode.c.h; path = BATWebContentModel.h; sourceTree = "<group>"; };
		AD8F67551FEA576A009DBCBA /* BATWebContentModel.m */ = {isa = PBXFileReference; fileEncoding = 4; lastKnownFileType = sourcecode.c.objc; path = BATWebContentModel.m; sourceTree = "<group>"; };
		AD8F67561FEA576A009DBCBA /* CoreCameraDetection.h */ = {isa = PBXFileReference; fileEncoding = 4; lastKnownFileType = sourcecode.c.h; path = CoreCameraDetection.h; sourceTree = "<group>"; };
		AD8F67571FEA576A009DBCBA /* CoreCameraDetection.m */ = {isa = PBXFileReference; fileEncoding = 4; lastKnownFileType = sourcecode.c.objc; path = CoreCameraDetection.m; sourceTree = "<group>"; };
		AD8F67581FEA576A009DBCBA /* KMTools.h */ = {isa = PBXFileReference; fileEncoding = 4; lastKnownFileType = sourcecode.c.h; path = KMTools.h; sourceTree = "<group>"; };
		AD8F67591FEA576A009DBCBA /* KMTools.m */ = {isa = PBXFileReference; fileEncoding = 4; lastKnownFileType = sourcecode.c.objc; path = KMTools.m; sourceTree = "<group>"; };
		AD8F675A1FEA576A009DBCBA /* OTCLoginModel.h */ = {isa = PBXFileReference; fileEncoding = 4; lastKnownFileType = sourcecode.c.h; path = OTCLoginModel.h; sourceTree = "<group>"; };
		AD8F675B1FEA576A009DBCBA /* OTCLoginModel.m */ = {isa = PBXFileReference; fileEncoding = 4; lastKnownFileType = sourcecode.c.objc; path = OTCLoginModel.m; sourceTree = "<group>"; };
		AD8F675D1FEA576A009DBCBA /* BATOTCDrugCellTableViewCell.h */ = {isa = PBXFileReference; fileEncoding = 4; lastKnownFileType = sourcecode.c.h; path = BATOTCDrugCellTableViewCell.h; sourceTree = "<group>"; };
		AD8F675E1FEA576A009DBCBA /* BATOTCDrugCellTableViewCell.m */ = {isa = PBXFileReference; fileEncoding = 4; lastKnownFileType = sourcecode.c.objc; path = BATOTCDrugCellTableViewCell.m; sourceTree = "<group>"; };
		AD8F675F1FEA576A009DBCBA /* BATOTCDrugCellTableViewCell.xib */ = {isa = PBXFileReference; fileEncoding = 4; lastKnownFileType = file.xib; path = BATOTCDrugCellTableViewCell.xib; sourceTree = "<group>"; };
		AD8F67601FEA576A009DBCBA /* BATResultCell.h */ = {isa = PBXFileReference; fileEncoding = 4; lastKnownFileType = sourcecode.c.h; path = BATResultCell.h; sourceTree = "<group>"; };
		AD8F67611FEA576A009DBCBA /* BATResultCell.m */ = {isa = PBXFileReference; fileEncoding = 4; lastKnownFileType = sourcecode.c.objc; path = BATResultCell.m; sourceTree = "<group>"; };
		AD8F67621FEA576A009DBCBA /* BATResultCell.xib */ = {isa = PBXFileReference; fileEncoding = 4; lastKnownFileType = file.xib; path = BATResultCell.xib; sourceTree = "<group>"; };
		AD8F67631FEA576A009DBCBA /* BATShoppingTrolleyView.h */ = {isa = PBXFileReference; fileEncoding = 4; lastKnownFileType = sourcecode.c.h; path = BATShoppingTrolleyView.h; sourceTree = "<group>"; };
		AD8F67641FEA576A009DBCBA /* BATShoppingTrolleyView.m */ = {isa = PBXFileReference; fileEncoding = 4; lastKnownFileType = sourcecode.c.objc; path = BATShoppingTrolleyView.m; sourceTree = "<group>"; };
		AD8F67651FEA576A009DBCBA /* BATShoppingTrolleyView.xib */ = {isa = PBXFileReference; fileEncoding = 4; lastKnownFileType = file.xib; path = BATShoppingTrolleyView.xib; sourceTree = "<group>"; };
		AD8F67661FEA576A009DBCBA /* HeartBackgroundView.h */ = {isa = PBXFileReference; fileEncoding = 4; lastKnownFileType = sourcecode.c.h; path = HeartBackgroundView.h; sourceTree = "<group>"; };
		AD8F67671FEA576A009DBCBA /* HeartBackgroundView.m */ = {isa = PBXFileReference; fileEncoding = 4; lastKnownFileType = sourcecode.c.objc; path = HeartBackgroundView.m; sourceTree = "<group>"; };
		AD8F67681FEA576A009DBCBA /* HeartLive.h */ = {isa = PBXFileReference; fileEncoding = 4; lastKnownFileType = sourcecode.c.h; path = HeartLive.h; sourceTree = "<group>"; };
		AD8F67691FEA576A009DBCBA /* HeartLive.m */ = {isa = PBXFileReference; fileEncoding = 4; lastKnownFileType = sourcecode.c.objc; path = HeartLive.m; sourceTree = "<group>"; };
		AD8F677C1FEA5AB3009DBCBA /* BATCustomButton.h */ = {isa = PBXFileReference; fileEncoding = 4; lastKnownFileType = sourcecode.c.h; path = BATCustomButton.h; sourceTree = "<group>"; };
		AD8F677D1FEA5AB3009DBCBA /* BATCustomButton.m */ = {isa = PBXFileReference; fileEncoding = 4; lastKnownFileType = sourcecode.c.objc; path = BATCustomButton.m; sourceTree = "<group>"; };
		AD8F677E1FEA5AB3009DBCBA /* BATGraditorButton.h */ = {isa = PBXFileReference; fileEncoding = 4; lastKnownFileType = sourcecode.c.h; path = BATGraditorButton.h; sourceTree = "<group>"; };
		AD8F677F1FEA5AB3009DBCBA /* BATGraditorButton.m */ = {isa = PBXFileReference; fileEncoding = 4; lastKnownFileType = sourcecode.c.objc; path = BATGraditorButton.m; sourceTree = "<group>"; };
		AD8F67821FEA5B2A009DBCBA /* PrefixHeader.pch */ = {isa = PBXFileReference; lastKnownFileType = sourcecode.c.h; path = PrefixHeader.pch; sourceTree = "<group>"; };
/* End PBXFileReference section */

/* Begin PBXFrameworksBuildPhase section */
		AD0E12781ED7FEF8000A3C1D /* Frameworks */ = {
			isa = PBXFrameworksBuildPhase;
			buildActionMask = 2147483647;
			files = (
			);
			runOnlyForDeploymentPostprocessing = 0;
		};
/* End PBXFrameworksBuildPhase section */

/* Begin PBXGroup section */
		AD0E12721ED7FEF8000A3C1D = {
			isa = PBXGroup;
			children = (
				AD0E127D1ED7FEF8000A3C1D /* TestApp */,
				AD0E127C1ED7FEF8000A3C1D /* Products */,
			);
			sourceTree = "<group>";
		};
		AD0E127C1ED7FEF8000A3C1D /* Products */ = {
			isa = PBXGroup;
			children = (
				AD0E127B1ED7FEF8000A3C1D /* TestApp.app */,
			);
			name = Products;
			sourceTree = "<group>";
		};
		AD0E127D1ED7FEF8000A3C1D /* TestApp */ = {
			isa = PBXGroup;
			children = (
				AD0E12811ED7FEF9000A3C1D /* AppDelegate.h */,
				AD0E12821ED7FEF9000A3C1D /* AppDelegate.m */,
				AD0E12841ED7FEF9000A3C1D /* ViewController.h */,
				AD0E12851ED7FEF9000A3C1D /* ViewController.m */,
				AD7BF27A1FEBBA630078AF8A /* ZXPUnicode */,
				AD8F67471FEA576A009DBCBA /* FibonacciTest */,
				AD0E12871ED7FEF9000A3C1D /* Main.storyboard */,
				AD0E128A1ED7FEF9000A3C1D /* Assets.xcassets */,
				AD0E128C1ED7FEF9000A3C1D /* LaunchScreen.storyboard */,
				AD0E128F1ED7FEF9000A3C1D /* Info.plist */,
				AD0E127E1ED7FEF8000A3C1D /* Supporting Files */,
			);
			path = TestApp;
			sourceTree = "<group>";
		};
		AD0E127E1ED7FEF8000A3C1D /* Supporting Files */ = {
			isa = PBXGroup;
			children = (
				AD0E127F1ED7FEF8000A3C1D /* main.m */,
				AD8F67821FEA5B2A009DBCBA /* PrefixHeader.pch */,
			);
			name = "Supporting Files";
			sourceTree = "<group>";
		};
		AD7BF27A1FEBBA630078AF8A /* ZXPUnicode */ = {
			isa = PBXGroup;
			children = (
				AD7BF27B1FEBBA630078AF8A /* ZXPUnicode.h */,
				AD7BF27C1FEBBA630078AF8A /* ZXPUnicode.m */,
			);
			path = ZXPUnicode;
			sourceTree = "<group>";
		};
		AD8F67471FEA576A009DBCBA /* FibonacciTest */ = {
			isa = PBXGroup;
			children = (
				AD8F67481FEA576A009DBCBA /* Controller */,
				AD8F67511FEA576A009DBCBA /* Model */,
				AD8F675C1FEA576A009DBCBA /* View */,
				AD8F677B1FEA5AB3009DBCBA /* GraditorButton */,
			);
			path = FibonacciTest;
			sourceTree = "<group>";
		};
		AD8F67481FEA576A009DBCBA /* Controller */ = {
			isa = PBXGroup;
			children = (
				AD8F674F1FEA576A009DBCBA /* MedicallyExaminedViewController.h */,
				AD8F67501FEA576A009DBCBA /* MedicallyExaminedViewController.m */,
				AD8F67491FEA576A009DBCBA /* BATFibonacciResultViewController.h */,
				AD8F674A1FEA576A009DBCBA /* BATFibonacciResultViewController.m */,
				AD8F674B1FEA576A009DBCBA /* HelpViewController.h */,
				AD8F674C1FEA576A009DBCBA /* HelpViewController.m */,
				AD8F674D1FEA576A009DBCBA /* KMUIViewController.h */,
				AD8F674E1FEA576A009DBCBA /* KMUIViewController.m */,
			);
			path = Controller;
			sourceTree = "<group>";
		};
		AD8F67511FEA576A009DBCBA /* Model */ = {
			isa = PBXGroup;
			children = (
				AD8F67521FEA576A009DBCBA /* BATOTCDrugModel.h */,
				AD8F67531FEA576A009DBCBA /* BATOTCDrugModel.m */,
				AD8F67541FEA576A009DBCBA /* BATWebContentModel.h */,
				AD8F67551FEA576A009DBCBA /* BATWebContentModel.m */,
				AD8F67561FEA576A009DBCBA /* CoreCameraDetection.h */,
				AD8F67571FEA576A009DBCBA /* CoreCameraDetection.m */,
				AD8F67581FEA576A009DBCBA /* KMTools.h */,
				AD8F67591FEA576A009DBCBA /* KMTools.m */,
				AD8F675A1FEA576A009DBCBA /* OTCLoginModel.h */,
				AD8F675B1FEA576A009DBCBA /* OTCLoginModel.m */,
			);
			path = Model;
			sourceTree = "<group>";
		};
		AD8F675C1FEA576A009DBCBA /* View */ = {
			isa = PBXGroup;
			children = (
				AD8F675D1FEA576A009DBCBA /* BATOTCDrugCellTableViewCell.h */,
				AD8F675E1FEA576A009DBCBA /* BATOTCDrugCellTableViewCell.m */,
				AD8F675F1FEA576A009DBCBA /* BATOTCDrugCellTableViewCell.xib */,
				AD8F67601FEA576A009DBCBA /* BATResultCell.h */,
				AD8F67611FEA576A009DBCBA /* BATResultCell.m */,
				AD8F67621FEA576A009DBCBA /* BATResultCell.xib */,
				AD8F67631FEA576A009DBCBA /* BATShoppingTrolleyView.h */,
				AD8F67641FEA576A009DBCBA /* BATShoppingTrolleyView.m */,
				AD8F67651FEA576A009DBCBA /* BATShoppingTrolleyView.xib */,
				AD8F67661FEA576A009DBCBA /* HeartBackgroundView.h */,
				AD8F67671FEA576A009DBCBA /* HeartBackgroundView.m */,
				AD8F67681FEA576A009DBCBA /* HeartLive.h */,
				AD8F67691FEA576A009DBCBA /* HeartLive.m */,
			);
			path = View;
			sourceTree = "<group>";
		};
		AD8F677B1FEA5AB3009DBCBA /* GraditorButton */ = {
			isa = PBXGroup;
			children = (
				AD8F677C1FEA5AB3009DBCBA /* BATCustomButton.h */,
				AD8F677D1FEA5AB3009DBCBA /* BATCustomButton.m */,
				AD8F677E1FEA5AB3009DBCBA /* BATGraditorButton.h */,
				AD8F677F1FEA5AB3009DBCBA /* BATGraditorButton.m */,
			);
			path = GraditorButton;
			sourceTree = "<group>";
		};
/* End PBXGroup section */

/* Begin PBXNativeTarget section */
		AD0E127A1ED7FEF8000A3C1D /* TestApp */ = {
			isa = PBXNativeTarget;
			buildConfigurationList = AD0E12921ED7FEF9000A3C1D /* Build configuration list for PBXNativeTarget "TestApp" */;
			buildPhases = (
				AD0E12771ED7FEF8000A3C1D /* Sources */,
				AD0E12781ED7FEF8000A3C1D /* Frameworks */,
				AD0E12791ED7FEF8000A3C1D /* Resources */,
			);
			buildRules = (
			);
			dependencies = (
			);
			name = TestApp;
			productName = TestApp;
			productReference = AD0E127B1ED7FEF8000A3C1D /* TestApp.app */;
			productType = "com.apple.product-type.application";
		};
/* End PBXNativeTarget section */

/* Begin PBXProject section */
		AD0E12731ED7FEF8000A3C1D /* Project object */ = {
			isa = PBXProject;
			attributes = {
				LastUpgradeCheck = 0830;
				ORGANIZATIONNAME = "康美";
				TargetAttributes = {
					AD0E127A1ED7FEF8000A3C1D = {
						CreatedOnToolsVersion = 8.3.2;
						DevelopmentTeam = QE8C5ZYQ72;
						ProvisioningStyle = Automatic;
					};
				};
			};
			buildConfigurationList = AD0E12761ED7FEF8000A3C1D /* Build configuration list for PBXProject "TestApp" */;
			compatibilityVersion = "Xcode 3.2";
			developmentRegion = English;
			hasScannedForEncodings = 0;
			knownRegions = (
				en,
				Base,
			);
			mainGroup = AD0E12721ED7FEF8000A3C1D;
			productRefGroup = AD0E127C1ED7FEF8000A3C1D /* Products */;
			projectDirPath = "";
			projectRoot = "";
			targets = (
				AD0E127A1ED7FEF8000A3C1D /* TestApp */,
			);
		};
/* End PBXProject section */

/* Begin PBXResourcesBuildPhase section */
		AD0E12791ED7FEF8000A3C1D /* Resources */ = {
			isa = PBXResourcesBuildPhase;
			buildActionMask = 2147483647;
			files = (
				AD8F67781FEA576A009DBCBA /* BATShoppingTrolleyView.xib in Resources */,
				AD0E128E1ED7FEF9000A3C1D /* LaunchScreen.storyboard in Resources */,
				AD0E128B1ED7FEF9000A3C1D /* Assets.xcassets in Resources */,
				AD8F67741FEA576A009DBCBA /* BATOTCDrugCellTableViewCell.xib in Resources */,
				AD0E12891ED7FEF9000A3C1D /* Main.storyboard in Resources */,
				AD8F67761FEA576A009DBCBA /* BATResultCell.xib in Resources */,
			);
			runOnlyForDeploymentPostprocessing = 0;
		};
/* End PBXResourcesBuildPhase section */

/* Begin PBXSourcesBuildPhase section */
		AD0E12771ED7FEF8000A3C1D /* Sources */ = {
			isa = PBXSourcesBuildPhase;
			buildActionMask = 2147483647;
			files = (
				AD8F676F1FEA576A009DBCBA /* BATWebContentModel.m in Sources */,
				AD8F67731FEA576A009DBCBA /* BATOTCDrugCellTableViewCell.m in Sources */,
				AD8F67701FEA576A009DBCBA /* CoreCameraDetection.m in Sources */,
				AD8F67721FEA576A009DBCBA /* OTCLoginModel.m in Sources */,
				AD8F676B1FEA576A009DBCBA /* HelpViewController.m in Sources */,
				AD8F676A1FEA576A009DBCBA /* BATFibonacciResultViewController.m in Sources */,
				AD8F67801FEA5AB3009DBCBA /* BATCustomButton.m in Sources */,
				AD8F67751FEA576A009DBCBA /* BATResultCell.m in Sources */,
				AD7BF27D1FEBBA630078AF8A /* ZXPUnicode.m in Sources */,
				AD8F676C1FEA576A009DBCBA /* KMUIViewController.m in Sources */,
				AD8F676D1FEA576A009DBCBA /* MedicallyExaminedViewController.m in Sources */,
				AD8F67711FEA576A009DBCBA /* KMTools.m in Sources */,
				AD8F67771FEA576A009DBCBA /* BATShoppingTrolleyView.m in Sources */,
				AD8F676E1FEA576A009DBCBA /* BATOTCDrugModel.m in Sources */,
				AD8F67811FEA5AB3009DBCBA /* BATGraditorButton.m in Sources */,
				AD8F677A1FEA576A009DBCBA /* HeartLive.m in Sources */,
				AD0E12861ED7FEF9000A3C1D /* ViewController.m in Sources */,
				AD0E12831ED7FEF9000A3C1D /* AppDelegate.m in Sources */,
				AD0E12801ED7FEF8000A3C1D /* main.m in Sources */,
				AD8F67791FEA576A009DBCBA /* HeartBackgroundView.m in Sources */,
			);
			runOnlyForDeploymentPostprocessing = 0;
		};
/* End PBXSourcesBuildPhase section */

/* Begin PBXVariantGroup section */
		AD0E12871ED7FEF9000A3C1D /* Main.storyboard */ = {
			isa = PBXVariantGroup;
			children = (
				AD0E12881ED7FEF9000A3C1D /* Base */,
			);
			name = Main.storyboard;
			sourceTree = "<group>";
		};
		AD0E128C1ED7FEF9000A3C1D /* LaunchScreen.storyboard */ = {
			isa = PBXVariantGroup;
			children = (
				AD0E128D1ED7FEF9000A3C1D /* Base */,
			);
			name = LaunchScreen.storyboard;
			sourceTree = "<group>";
		};
/* End PBXVariantGroup section */

/* Begin XCBuildConfiguration section */
		AD0E12901ED7FEF9000A3C1D /* Debug */ = {
			isa = XCBuildConfiguration;
			buildSettings = {
				ALWAYS_SEARCH_USER_PATHS = NO;
				CLANG_ANALYZER_NONNULL = YES;
				CLANG_ANALYZER_NUMBER_OBJECT_CONVERSION = YES_AGGRESSIVE;
				CLANG_CXX_LANGUAGE_STANDARD = "gnu++0x";
				CLANG_CXX_LIBRARY = "libc++";
				CLANG_ENABLE_MODULES = YES;
				CLANG_ENABLE_OBJC_ARC = YES;
				CLANG_WARN_BOOL_CONVERSION = YES;
				CLANG_WARN_CONSTANT_CONVERSION = YES;
				CLANG_WARN_DIRECT_OBJC_ISA_USAGE = YES_ERROR;
				CLANG_WARN_DOCUMENTATION_COMMENTS = YES;
				CLANG_WARN_EMPTY_BODY = YES;
				CLANG_WARN_ENUM_CONVERSION = YES;
				CLANG_WARN_INFINITE_RECURSION = YES;
				CLANG_WARN_INT_CONVERSION = YES;
				CLANG_WARN_OBJC_ROOT_CLASS = YES_ERROR;
				CLANG_WARN_SUSPICIOUS_MOVE = YES;
				CLANG_WARN_UNREACHABLE_CODE = YES;
				CLANG_WARN__DUPLICATE_METHOD_MATCH = YES;
				"CODE_SIGN_IDENTITY[sdk=iphoneos*]" = "iPhone Developer";
				COPY_PHASE_STRIP = NO;
				DEBUG_INFORMATION_FORMAT = dwarf;
				ENABLE_STRICT_OBJC_MSGSEND = YES;
				ENABLE_TESTABILITY = YES;
				GCC_C_LANGUAGE_STANDARD = gnu99;
				GCC_DYNAMIC_NO_PIC = NO;
				GCC_NO_COMMON_BLOCKS = YES;
				GCC_OPTIMIZATION_LEVEL = 0;
				GCC_PREFIX_HEADER = "$(SRCROOT)/TestApp/PrefixHeader.pch";
				GCC_PREPROCESSOR_DEFINITIONS = (
					"DEBUG=1",
					"$(inherited)",
				);
				GCC_WARN_64_TO_32_BIT_CONVERSION = YES;
				GCC_WARN_ABOUT_RETURN_TYPE = YES_ERROR;
				GCC_WARN_UNDECLARED_SELECTOR = YES;
				GCC_WARN_UNINITIALIZED_AUTOS = YES_AGGRESSIVE;
				GCC_WARN_UNUSED_FUNCTION = YES;
				GCC_WARN_UNUSED_VARIABLE = YES;
				IPHONEOS_DEPLOYMENT_TARGET = 10.3;
				MTL_ENABLE_DEBUG_INFO = YES;
				ONLY_ACTIVE_ARCH = YES;
				SDKROOT = iphoneos;
			};
			name = Debug;
		};
		AD0E12911ED7FEF9000A3C1D /* 外测 */ = {
			isa = XCBuildConfiguration;
			buildSettings = {
				ALWAYS_SEARCH_USER_PATHS = NO;
				CLANG_ANALYZER_NONNULL = YES;
				CLANG_ANALYZER_NUMBER_OBJECT_CONVERSION = YES_AGGRESSIVE;
				CLANG_CXX_LANGUAGE_STANDARD = "gnu++0x";
				CLANG_CXX_LIBRARY = "libc++";
				CLANG_ENABLE_MODULES = YES;
				CLANG_ENABLE_OBJC_ARC = YES;
				CLANG_WARN_BOOL_CONVERSION = YES;
				CLANG_WARN_CONSTANT_CONVERSION = YES;
				CLANG_WARN_DIRECT_OBJC_ISA_USAGE = YES_ERROR;
				CLANG_WARN_DOCUMENTATION_COMMENTS = YES;
				CLANG_WARN_EMPTY_BODY = YES;
				CLANG_WARN_ENUM_CONVERSION = YES;
				CLANG_WARN_INFINITE_RECURSION = YES;
				CLANG_WARN_INT_CONVERSION = YES;
				CLANG_WARN_OBJC_ROOT_CLASS = YES_ERROR;
				CLANG_WARN_SUSPICIOUS_MOVE = YES;
				CLANG_WARN_UNREACHABLE_CODE = YES;
				CLANG_WARN__DUPLICATE_METHOD_MATCH = YES;
				"CODE_SIGN_IDENTITY[sdk=iphoneos*]" = "iPhone Developer";
				COPY_PHASE_STRIP = NO;
				DEBUG_INFORMATION_FORMAT = "dwarf-with-dsym";
				ENABLE_NS_ASSERTIONS = NO;
				ENABLE_STRICT_OBJC_MSGSEND = YES;
				GCC_C_LANGUAGE_STANDARD = gnu99;
				GCC_NO_COMMON_BLOCKS = YES;
				GCC_PREFIX_HEADER = "$(SRCROOT)/TestApp/PrefixHeader.pch";
				GCC_WARN_64_TO_32_BIT_CONVERSION = YES;
				GCC_WARN_ABOUT_RETURN_TYPE = YES_ERROR;
				GCC_WARN_UNDECLARED_SELECTOR = YES;
				GCC_WARN_UNINITIALIZED_AUTOS = YES_AGGRESSIVE;
				GCC_WARN_UNUSED_FUNCTION = YES;
				GCC_WARN_UNUSED_VARIABLE = YES;
				IPHONEOS_DEPLOYMENT_TARGET = 10.3;
				MTL_ENABLE_DEBUG_INFO = NO;
				SDKROOT = iphoneos;
				VALIDATE_PRODUCT = YES;
			};
			name = "外测";
		};
		AD0E12931ED7FEF9000A3C1D /* Debug */ = {
			isa = XCBuildConfiguration;
			buildSettings = {
				ASSETCATALOG_COMPILER_APPICON_NAME = AppIcon;
				"CODE_SIGN_IDENTITY[sdk=iphoneos*]" = "iPhone Developer";
				CODE_SIGN_STYLE = Automatic;
				DEVELOPMENT_TEAM = QE8C5ZYQ72;
				INFOPLIST_FILE = TestApp/Info.plist;
				IPHONEOS_DEPLOYMENT_TARGET = 8.0;
				LD_RUNPATH_SEARCH_PATHS = "$(inherited) @executable_path/Frameworks";
				LIBRARY_SEARCH_PATHS = (
					"$(inherited)",
					"$(PROJECT_DIR)/TestApp/FibonacciTest/TalkingData",
				);
				PRODUCT_BUNDLE_IDENTIFIER = com.kangmei.TestApp;
				PRODUCT_NAME = "$(TARGET_NAME)";
				PROVISIONING_PROFILE_SPECIFIER = "";
			};
			name = Debug;
		};
		AD0E12941ED7FEF9000A3C1D /* 外测 */ = {
			isa = XCBuildConfiguration;
			buildSettings = {
				ASSETCATALOG_COMPILER_APPICON_NAME = AppIcon;
				"CODE_SIGN_IDENTITY[sdk=iphoneos*]" = "iPhone Developer";
				CODE_SIGN_STYLE = Automatic;
				DEVELOPMENT_TEAM = QE8C5ZYQ72;
				INFOPLIST_FILE = TestApp/Info.plist;
				IPHONEOS_DEPLOYMENT_TARGET = 8.0;
				LD_RUNPATH_SEARCH_PATHS = "$(inherited) @executable_path/Frameworks";
				LIBRARY_SEARCH_PATHS = (
					"$(inherited)",
					"$(PROJECT_DIR)/TestApp/FibonacciTest/TalkingData",
				);
				PRODUCT_BUNDLE_IDENTIFIER = com.kangmei.TestApp;
				PRODUCT_NAME = "$(TARGET_NAME)";
				PROVISIONING_PROFILE_SPECIFIER = "";
			};
			name = "外测";
		};
		ADBD13641FDE85C700BF25F7 /* 公司 */ = {
			isa = XCBuildConfiguration;
			buildSettings = {
				ALWAYS_SEARCH_USER_PATHS = NO;
				CLANG_ANALYZER_NONNULL = YES;
				CLANG_ANALYZER_NUMBER_OBJECT_CONVERSION = YES_AGGRESSIVE;
				CLANG_CXX_LANGUAGE_STANDARD = "gnu++0x";
				CLANG_CXX_LIBRARY = "libc++";
				CLANG_ENABLE_MODULES = YES;
				CLANG_ENABLE_OBJC_ARC = YES;
				CLANG_WARN_BOOL_CONVERSION = YES;
				CLANG_WARN_CONSTANT_CONVERSION = YES;
				CLANG_WARN_DIRECT_OBJC_ISA_USAGE = YES_ERROR;
				CLANG_WARN_DOCUMENTATION_COMMENTS = YES;
				CLANG_WARN_EMPTY_BODY = YES;
				CLANG_WARN_ENUM_CONVERSION = YES;
				CLANG_WARN_INFINITE_RECURSION = YES;
				CLANG_WARN_INT_CONVERSION = YES;
				CLANG_WARN_OBJC_ROOT_CLASS = YES_ERROR;
				CLANG_WARN_SUSPICIOUS_MOVE = YES;
				CLANG_WARN_UNREACHABLE_CODE = YES;
				CLANG_WARN__DUPLICATE_METHOD_MATCH = YES;
				"CODE_SIGN_IDENTITY[sdk=iphoneos*]" = "iPhone Developer";
				COPY_PHASE_STRIP = NO;
				DEBUG_INFORMATION_FORMAT = "dwarf-with-dsym";
				ENABLE_NS_ASSERTIONS = NO;
				ENABLE_STRICT_OBJC_MSGSEND = YES;
				GCC_C_LANGUAGE_STANDARD = gnu99;
				GCC_NO_COMMON_BLOCKS = YES;
				GCC_PREFIX_HEADER = "$(SRCROOT)/TestApp/PrefixHeader.pch";
				GCC_WARN_64_TO_32_BIT_CONVERSION = YES;
				GCC_WARN_ABOUT_RETURN_TYPE = YES_ERROR;
				GCC_WARN_UNDECLARED_SELECTOR = YES;
				GCC_WARN_UNINITIALIZED_AUTOS = YES_AGGRESSIVE;
				GCC_WARN_UNUSED_FUNCTION = YES;
				GCC_WARN_UNUSED_VARIABLE = YES;
				IPHONEOS_DEPLOYMENT_TARGET = 10.3;
				MTL_ENABLE_DEBUG_INFO = NO;
				SDKROOT = iphoneos;
				VALIDATE_PRODUCT = YES;
			};
			name = "公司";
		};
		ADBD13651FDE85C700BF25F7 /* 公司 */ = {
			isa = XCBuildConfiguration;
			buildSettings = {
				ASSETCATALOG_COMPILER_APPICON_NAME = AppIcon;
				"CODE_SIGN_IDENTITY[sdk=iphoneos*]" = "iPhone Developer";
				CODE_SIGN_STYLE = Automatic;
				DEVELOPMENT_TEAM = QE8C5ZYQ72;
				INFOPLIST_FILE = TestApp/Info.plist;
				IPHONEOS_DEPLOYMENT_TARGET = 8.0;
				LD_RUNPATH_SEARCH_PATHS = "$(inherited) @executable_path/Frameworks";
				LIBRARY_SEARCH_PATHS = (
					"$(inherited)",
					"$(PROJECT_DIR)/TestApp/FibonacciTest/TalkingData",
				);
				PRODUCT_BUNDLE_IDENTIFIER = com.kangmei.TestApp;
				PRODUCT_NAME = "$(TARGET_NAME)";
				PROVISIONING_PROFILE_SPECIFIER = "";
			};
			name = "公司";
		};
		ADBD13661FDE85CA00BF25F7 /* 企业 */ = {
			isa = XCBuildConfiguration;
			buildSettings = {
				ALWAYS_SEARCH_USER_PATHS = NO;
				CLANG_ANALYZER_NONNULL = YES;
				CLANG_ANALYZER_NUMBER_OBJECT_CONVERSION = YES_AGGRESSIVE;
				CLANG_CXX_LANGUAGE_STANDARD = "gnu++0x";
				CLANG_CXX_LIBRARY = "libc++";
				CLANG_ENABLE_MODULES = YES;
				CLANG_ENABLE_OBJC_ARC = YES;
				CLANG_WARN_BOOL_CONVERSION = YES;
				CLANG_WARN_CONSTANT_CONVERSION = YES;
				CLANG_WARN_DIRECT_OBJC_ISA_USAGE = YES_ERROR;
				CLANG_WARN_DOCUMENTATION_COMMENTS = YES;
				CLANG_WARN_EMPTY_BODY = YES;
				CLANG_WARN_ENUM_CONVERSION = YES;
				CLANG_WARN_INFINITE_RECURSION = YES;
				CLANG_WARN_INT_CONVERSION = YES;
				CLANG_WARN_OBJC_ROOT_CLASS = YES_ERROR;
				CLANG_WARN_SUSPICIOUS_MOVE = YES;
				CLANG_WARN_UNREACHABLE_CODE = YES;
				CLANG_WARN__DUPLICATE_METHOD_MATCH = YES;
				"CODE_SIGN_IDENTITY[sdk=iphoneos*]" = "iPhone Developer";
				COPY_PHASE_STRIP = NO;
				DEBUG_INFORMATION_FORMAT = "dwarf-with-dsym";
				ENABLE_NS_ASSERTIONS = NO;
				ENABLE_STRICT_OBJC_MSGSEND = YES;
				GCC_C_LANGUAGE_STANDARD = gnu99;
				GCC_NO_COMMON_BLOCKS = YES;
				GCC_PREFIX_HEADER = "$(SRCROOT)/TestApp/PrefixHeader.pch";
				GCC_WARN_64_TO_32_BIT_CONVERSION = YES;
				GCC_WARN_ABOUT_RETURN_TYPE = YES_ERROR;
				GCC_WARN_UNDECLARED_SELECTOR = YES;
				GCC_WARN_UNINITIALIZED_AUTOS = YES_AGGRESSIVE;
				GCC_WARN_UNUSED_FUNCTION = YES;
				GCC_WARN_UNUSED_VARIABLE = YES;
				IPHONEOS_DEPLOYMENT_TARGET = 10.3;
				MTL_ENABLE_DEBUG_INFO = NO;
				SDKROOT = iphoneos;
				VALIDATE_PRODUCT = YES;
			};
			name = "企业";
		};
		ADBD13671FDE85CA00BF25F7 /* 企业 */ = {
			isa = XCBuildConfiguration;
			buildSettings = {
				ASSETCATALOG_COMPILER_APPICON_NAME = AppIcon;
				"CODE_SIGN_IDENTITY[sdk=iphoneos*]" = "iPhone Developer";
				CODE_SIGN_STYLE = Automatic;
				DEVELOPMENT_TEAM = QE8C5ZYQ72;
				INFOPLIST_FILE = TestApp/Info.plist;
				IPHONEOS_DEPLOYMENT_TARGET = 8.0;
				LD_RUNPATH_SEARCH_PATHS = "$(inherited) @executable_path/Frameworks";
				LIBRARY_SEARCH_PATHS = (
					"$(inherited)",
					"$(PROJECT_DIR)/TestApp/FibonacciTest/TalkingData",
				);
				PRODUCT_BUNDLE_IDENTIFIER = com.kangmei.TestApp;
				PRODUCT_NAME = "$(TARGET_NAME)";
				PROVISIONING_PROFILE_SPECIFIER = "";
			};
			name = "企业";
		};
		ADBD13681FDE85CD00BF25F7 /* 送 */ = {
			isa = XCBuildConfiguration;
			buildSettings = {
				ALWAYS_SEARCH_USER_PATHS = NO;
				CLANG_ANALYZER_NONNULL = YES;
				CLANG_ANALYZER_NUMBER_OBJECT_CONVERSION = YES_AGGRESSIVE;
				CLANG_CXX_LANGUAGE_STANDARD = "gnu++0x";
				CLANG_CXX_LIBRARY = "libc++";
				CLANG_ENABLE_MODULES = YES;
				CLANG_ENABLE_OBJC_ARC = YES;
				CLANG_WARN_BOOL_CONVERSION = YES;
				CLANG_WARN_CONSTANT_CONVERSION = YES;
				CLANG_WARN_DIRECT_OBJC_ISA_USAGE = YES_ERROR;
				CLANG_WARN_DOCUMENTATION_COMMENTS = YES;
				CLANG_WARN_EMPTY_BODY = YES;
				CLANG_WARN_ENUM_CONVERSION = YES;
				CLANG_WARN_INFINITE_RECURSION = YES;
				CLANG_WARN_INT_CONVERSION = YES;
				CLANG_WARN_OBJC_ROOT_CLASS = YES_ERROR;
				CLANG_WARN_SUSPICIOUS_MOVE = YES;
				CLANG_WARN_UNREACHABLE_CODE = YES;
				CLANG_WARN__DUPLICATE_METHOD_MATCH = YES;
				"CODE_SIGN_IDENTITY[sdk=iphoneos*]" = "iPhone Developer";
				COPY_PHASE_STRIP = NO;
				DEBUG_INFORMATION_FORMAT = "dwarf-with-dsym";
				ENABLE_NS_ASSERTIONS = NO;
				ENABLE_STRICT_OBJC_MSGSEND = YES;
				GCC_C_LANGUAGE_STANDARD = gnu99;
				GCC_NO_COMMON_BLOCKS = YES;
				GCC_PREFIX_HEADER = "$(SRCROOT)/TestApp/PrefixHeader.pch";
				GCC_WARN_64_TO_32_BIT_CONVERSION = YES;
				GCC_WARN_ABOUT_RETURN_TYPE = YES_ERROR;
				GCC_WARN_UNDECLARED_SELECTOR = YES;
				GCC_WARN_UNINITIALIZED_AUTOS = YES_AGGRESSIVE;
				GCC_WARN_UNUSED_FUNCTION = YES;
				GCC_WARN_UNUSED_VARIABLE = YES;
				IPHONEOS_DEPLOYMENT_TARGET = 10.3;
				MTL_ENABLE_DEBUG_INFO = NO;
				SDKROOT = iphoneos;
				VALIDATE_PRODUCT = YES;
			};
			name = "送";
		};
		ADBD13691FDE85CD00BF25F7 /* 送 */ = {
			isa = XCBuildConfiguration;
			buildSettings = {
				ASSETCATALOG_COMPILER_APPICON_NAME = AppIcon;
				"CODE_SIGN_IDENTITY[sdk=iphoneos*]" = "iPhone Developer";
				CODE_SIGN_STYLE = Automatic;
				DEVELOPMENT_TEAM = QE8C5ZYQ72;
				INFOPLIST_FILE = TestApp/Info.plist;
				IPHONEOS_DEPLOYMENT_TARGET = 8.0;
				LD_RUNPATH_SEARCH_PATHS = "$(inherited) @executable_path/Frameworks";
				LIBRARY_SEARCH_PATHS = (
					"$(inherited)",
					"$(PROJECT_DIR)/TestApp/FibonacciTest/TalkingData",
				);
				PRODUCT_BUNDLE_IDENTIFIER = com.kangmei.TestApp;
				PRODUCT_NAME = "$(TARGET_NAME)";
				PROVISIONING_PROFILE_SPECIFIER = "";
			};
			name = "送";
		};
		ADBD136A1FDE85CF00BF25F7 /* 内测 */ = {
			isa = XCBuildConfiguration;
			buildSettings = {
				ALWAYS_SEARCH_USER_PATHS = NO;
				CLANG_ANALYZER_NONNULL = YES;
				CLANG_ANALYZER_NUMBER_OBJECT_CONVERSION = YES_AGGRESSIVE;
				CLANG_CXX_LANGUAGE_STANDARD = "gnu++0x";
				CLANG_CXX_LIBRARY = "libc++";
				CLANG_ENABLE_MODULES = YES;
				CLANG_ENABLE_OBJC_ARC = YES;
				CLANG_WARN_BOOL_CONVERSION = YES;
				CLANG_WARN_CONSTANT_CONVERSION = YES;
				CLANG_WARN_DIRECT_OBJC_ISA_USAGE = YES_ERROR;
				CLANG_WARN_DOCUMENTATION_COMMENTS = YES;
				CLANG_WARN_EMPTY_BODY = YES;
				CLANG_WARN_ENUM_CONVERSION = YES;
				CLANG_WARN_INFINITE_RECURSION = YES;
				CLANG_WARN_INT_CONVERSION = YES;
				CLANG_WARN_OBJC_ROOT_CLASS = YES_ERROR;
				CLANG_WARN_SUSPICIOUS_MOVE = YES;
				CLANG_WARN_UNREACHABLE_CODE = YES;
				CLANG_WARN__DUPLICATE_METHOD_MATCH = YES;
				"CODE_SIGN_IDENTITY[sdk=iphoneos*]" = "iPhone Developer";
				COPY_PHASE_STRIP = NO;
				DEBUG_INFORMATION_FORMAT = dwarf;
				ENABLE_STRICT_OBJC_MSGSEND = YES;
				ENABLE_TESTABILITY = YES;
				GCC_C_LANGUAGE_STANDARD = gnu99;
				GCC_DYNAMIC_NO_PIC = NO;
				GCC_NO_COMMON_BLOCKS = YES;
				GCC_OPTIMIZATION_LEVEL = 0;
				GCC_PREFIX_HEADER = "$(SRCROOT)/TestApp/PrefixHeader.pch";
				GCC_PREPROCESSOR_DEFINITIONS = (
					"DEBUG=1",
					"$(inherited)",
				);
				GCC_WARN_64_TO_32_BIT_CONVERSION = YES;
				GCC_WARN_ABOUT_RETURN_TYPE = YES_ERROR;
				GCC_WARN_UNDECLARED_SELECTOR = YES;
				GCC_WARN_UNINITIALIZED_AUTOS = YES_AGGRESSIVE;
				GCC_WARN_UNUSED_FUNCTION = YES;
				GCC_WARN_UNUSED_VARIABLE = YES;
				IPHONEOS_DEPLOYMENT_TARGET = 10.3;
				MTL_ENABLE_DEBUG_INFO = YES;
				ONLY_ACTIVE_ARCH = YES;
				SDKROOT = iphoneos;
			};
			name = "内测";
		};
		ADBD136B1FDE85CF00BF25F7 /* 内测 */ = {
			isa = XCBuildConfiguration;
			buildSettings = {
				ASSETCATALOG_COMPILER_APPICON_NAME = AppIcon;
				"CODE_SIGN_IDENTITY[sdk=iphoneos*]" = "iPhone Developer";
				CODE_SIGN_STYLE = Automatic;
				DEVELOPMENT_TEAM = QE8C5ZYQ72;
				INFOPLIST_FILE = TestApp/Info.plist;
				IPHONEOS_DEPLOYMENT_TARGET = 8.0;
				LD_RUNPATH_SEARCH_PATHS = "$(inherited) @executable_path/Frameworks";
				LIBRARY_SEARCH_PATHS = (
					"$(inherited)",
					"$(PROJECT_DIR)/TestApp/FibonacciTest/TalkingData",
				);
				PRODUCT_BUNDLE_IDENTIFIER = com.kangmei.TestApp;
				PRODUCT_NAME = "$(TARGET_NAME)";
				PROVISIONING_PROFILE_SPECIFIER = "";
			};
			name = "内测";
		};
/* End XCBuildConfiguration section */

/* Begin XCConfigurationList section */
		AD0E12761ED7FEF8000A3C1D /* Build configuration list for PBXProject "TestApp" */ = {
			isa = XCConfigurationList;
			buildConfigurations = (
				AD0E12901ED7FEF9000A3C1D /* Debug */,
				ADBD136A1FDE85CF00BF25F7 /* 内测 */,
				AD0E12911ED7FEF9000A3C1D /* 外测 */,
				ADBD13661FDE85CA00BF25F7 /* 企业 */,
				ADBD13641FDE85C700BF25F7 /* 公司 */,
				ADBD13681FDE85CD00BF25F7 /* 送 */,
			);
			defaultConfigurationIsVisible = 0;
			defaultConfigurationName = "外测";
		};
		AD0E12921ED7FEF9000A3C1D /* Build configuration list for PBXNativeTarget "TestApp" */ = {
			isa = XCConfigurationList;
			buildConfigurations = (
				AD0E12931ED7FEF9000A3C1D /* Debug */,
				ADBD136B1FDE85CF00BF25F7 /* 内测 */,
				AD0E12941ED7FEF9000A3C1D /* 外测 */,
				ADBD13671FDE85CA00BF25F7 /* 企业 */,
				ADBD13651FDE85C700BF25F7 /* 公司 */,
				ADBD13691FDE85CD00BF25F7 /* 送 */,
			);
			defaultConfigurationIsVisible = 0;
			defaultConfigurationName = "外测";
		};
/* End XCConfigurationList section */
	};
	rootObject = AD0E12731ED7FEF8000A3C1D /* Project object */;
}
